// !$*UTF8*$!
{
	archiveVersion = 1;
	classes = {
	};
	objectVersion = 46;
	objects = {

/* Begin PBXBuildFile section */
		14124B1D1CC3B7E5004DC9B4 /* AppDelegate.swift in Sources */ = {isa = PBXBuildFile; fileRef = 14124B1C1CC3B7E5004DC9B4 /* AppDelegate.swift */; };
		14124B1F1CC3B7E5004DC9B4 /* ViewController.swift in Sources */ = {isa = PBXBuildFile; fileRef = 14124B1E1CC3B7E5004DC9B4 /* ViewController.swift */; };
		14124B221CC3B7E5004DC9B4 /* Main.storyboard in Resources */ = {isa = PBXBuildFile; fileRef = 14124B201CC3B7E5004DC9B4 /* Main.storyboard */; };
		14124B241CC3B7E5004DC9B4 /* Assets.xcassets in Resources */ = {isa = PBXBuildFile; fileRef = 14124B231CC3B7E5004DC9B4 /* Assets.xcassets */; };
		14124B271CC3B7E5004DC9B4 /* LaunchScreen.storyboard in Resources */ = {isa = PBXBuildFile; fileRef = 14124B251CC3B7E5004DC9B4 /* LaunchScreen.storyboard */; };
/* End PBXBuildFile section */

/* Begin PBXFileReference section */
		14124B191CC3B7E5004DC9B4 /* Example.app */ = {isa = PBXFileReference; explicitFileType = wrapper.application; includeInIndex = 0; path = Example.app; sourceTree = BUILT_PRODUCTS_DIR; };
		14124B1C1CC3B7E5004DC9B4 /* AppDelegate.swift */ = {isa = PBXFileReference; lastKnownFileType = sourcecode.swift; path = AppDelegate.swift; sourceTree = "<group>"; };
		14124B1E1CC3B7E5004DC9B4 /* ViewController.swift */ = {isa = PBXFileReference; lastKnownFileType = sourcecode.swift; path = ViewController.swift; sourceTree = "<group>"; };
		14124B211CC3B7E5004DC9B4 /* Base */ = {isa = PBXFileReference; lastKnownFileType = file.storyboard; name = Base; path = Base.lproj/Main.storyboard; sourceTree = "<group>"; };
		14124B231CC3B7E5004DC9B4 /* Assets.xcassets */ = {isa = PBXFileReference; lastKnownFileType = folder.assetcatalog; path = Assets.xcassets; sourceTree = "<group>"; };
		14124B261CC3B7E5004DC9B4 /* Base */ = {isa = PBXFileReference; lastKnownFileType = file.storyboard; name = Base; path = Base.lproj/LaunchScreen.storyboard; sourceTree = "<group>"; };
		14124B281CC3B7E5004DC9B4 /* Info.plist */ = {isa = PBXFileReference; lastKnownFileType = text.plist.xml; path = Info.plist; sourceTree = "<group>"; };
/* End PBXFileReference section */

/* Begin PBXFrameworksBuildPhase section */
		14124B161CC3B7E5004DC9B4 /* Frameworks */ = {
			isa = PBXFrameworksBuildPhase;
			buildActionMask = 2147483647;
			files = (
			);
			runOnlyForDeploymentPostprocessing = 0;
		};
/* End PBXFrameworksBuildPhase section */

/* Begin PBXGroup section */
		14124B101CC3B7E5004DC9B4 = {
			isa = PBXGroup;
			children = (
				14124B1B1CC3B7E5004DC9B4 /* Example */,
				14124B1A1CC3B7E5004DC9B4 /* Products */,
			);
			sourceTree = "<group>";
		};
		14124B1A1CC3B7E5004DC9B4 /* Products */ = {
			isa = PBXGroup;
			children = (
				14124B191CC3B7E5004DC9B4 /* Example.app */,
			);
			name = Products;
			sourceTree = "<group>";
		};
		14124B1B1CC3B7E5004DC9B4 /* Example */ = {
			isa = PBXGroup;
			children = (
				14124B1C1CC3B7E5004DC9B4 /* AppDelegate.swift */,
				14124B1E1CC3B7E5004DC9B4 /* ViewController.swift */,
				14124B201CC3B7E5004DC9B4 /* Main.storyboard */,
				14124B231CC3B7E5004DC9B4 /* Assets.xcassets */,
				14124B251CC3B7E5004DC9B4 /* LaunchScreen.storyboard */,
				14124B281CC3B7E5004DC9B4 /* Info.plist */,
			);
			path = Example;
			sourceTree = "<group>";
		};
/* End PBXGroup section */

/* Begin PBXNativeTarget section */
		14124B181CC3B7E5004DC9B4 /* Example */ = {
			isa = PBXNativeTarget;
			buildConfigurationList = 14124B2B1CC3B7E5004DC9B4 /* Build configuration list for PBXNativeTarget "Example" */;
			buildPhases = (
				14124B151CC3B7E5004DC9B4 /* Sources */,
				14124B161CC3B7E5004DC9B4 /* Frameworks */,
				14124B171CC3B7E5004DC9B4 /* Resources */,
			);
			buildRules = (
			);
			dependencies = (
			);
			name = Example;
			productName = Example;
			productReference = 14124B191CC3B7E5004DC9B4 /* Example.app */;
			productType = "com.apple.product-type.application";
		};
/* End PBXNativeTarget section */

/* Begin PBXProject section */
		14124B111CC3B7E5004DC9B4 /* Project object */ = {
			isa = PBXProject;
			attributes = {
				LastSwiftUpdateCheck = 0730;
				LastUpgradeCheck = 0730;
				ORGANIZATIONNAME = Sunshinejr;
				TargetAttributes = {
					14124B181CC3B7E5004DC9B4 = {
						CreatedOnToolsVersion = 7.3;
					};
				};
			};
			buildConfigurationList = 14124B141CC3B7E5004DC9B4 /* Build configuration list for PBXProject "Example" */;
			compatibilityVersion = "Xcode 3.2";
			developmentRegion = English;
			hasScannedForEncodings = 0;
			knownRegions = (
				en,
				Base,
			);
			mainGroup = 14124B101CC3B7E5004DC9B4;
			productRefGroup = 14124B1A1CC3B7E5004DC9B4 /* Products */;
			projectDirPath = "";
			projectRoot = "";
			targets = (
				14124B181CC3B7E5004DC9B4 /* Example */,
			);
		};
/* End PBXProject section */

/* Begin PBXResourcesBuildPhase section */
		14124B171CC3B7E5004DC9B4 /* Resources */ = {
			isa = PBXResourcesBuildPhase;
			buildActionMask = 2147483647;
			files = (
				14124B271CC3B7E5004DC9B4 /* LaunchScreen.storyboard in Resources */,
				14124B241CC3B7E5004DC9B4 /* Assets.xcassets in Resources */,
				14124B221CC3B7E5004DC9B4 /* Main.storyboard in Resources */,
			);
			runOnlyForDeploymentPostprocessing = 0;
		};
/* End PBXResourcesBuildPhase section */

/* Begin PBXSourcesBuildPhase section */
		14124B151CC3B7E5004DC9B4 /* Sources */ = {
			isa = PBXSourcesBuildPhase;
			buildActionMask = 2147483647;
			files = (
				14124B1F1CC3B7E5004DC9B4 /* ViewController.swift in Sources */,
				14124B1D1CC3B7E5004DC9B4 /* AppDelegate.swift in Sources */,
			);
			runOnlyForDeploymentPostprocessing = 0;
		};
/* End PBXSourcesBuildPhase section */

/* Begin PBXVariantGroup section */
		14124B201CC3B7E5004DC9B4 /* Main.storyboard */ = {
			isa = PBXVariantGroup;
			children = (
				14124B211CC3B7E5004DC9B4 /* Base */,
			);
			name = Main.storyboard;
			sourceTree = "<group>";
		};
		14124B251CC3B7E5004DC9B4 /* LaunchScreen.storyboard */ = {
			isa = PBXVariantGroup;
			children = (
				14124B261CC3B7E5004DC9B4 /* Base */,
			);
			name = LaunchScreen.storyboard;
			sourceTree = "<group>";
		};
/* End PBXVariantGroup section */

/* Begin XCBuildConfiguration section */
		14124B291CC3B7E5004DC9B4 /* Debug */ = {
			isa = XCBuildConfiguration;
			buildSettings = {
				ALWAYS_SEARCH_USER_PATHS = NO;
				CLANG_ANALYZER_NONNULL = YES;
				CLANG_CXX_LANGUAGE_STANDARD = "gnu++0x";
				CLANG_CXX_LIBRARY = "libc++";
				CLANG_ENABLE_MODULES = YES;
				CLANG_ENABLE_OBJC_ARC = YES;
				CLANG_WARN_BOOL_CONVERSION = YES;
				CLANG_WARN_CONSTANT_CONVERSION = YES;
				CLANG_WARN_DIRECT_OBJC_ISA_USAGE = YES_ERROR;
				CLANG_WARN_EMPTY_BODY = YES;
				CLANG_WARN_ENUM_CONVERSION = YES;
				CLANG_WARN_INT_CONVERSION = YES;
				CLANG_WARN_OBJC_ROOT_CLASS = YES_ERROR;
				CLANG_WARN_UNREACHABLE_CODE = YES;
				CLANG_WARN__DUPLICATE_METHOD_MATCH = YES;
				"CODE_SIGN_IDENTITY[sdk=iphoneos*]" = "iPhone Developer";
				COPY_PHASE_STRIP = NO;
				DEBUG_INFORMATION_FORMAT = dwarf;
				ENABLE_STRICT_OBJC_MSGSEND = YES;
				ENABLE_TESTABILITY = YES;
				GCC_C_LANGUAGE_STANDARD = gnu99;
				GCC_DYNAMIC_NO_PIC = NO;
				GCC_NO_COMMON_BLOCKS = YES;
				GCC_OPTIMIZATION_LEVEL = 0;
				GCC_PREPROCESSOR_DEFINITIONS = (
					"DEBUG=1",
					"$(inherited)",
				);
				GCC_WARN_64_TO_32_BIT_CONVERSION = YES;
				GCC_WARN_ABOUT_RETURN_TYPE = YES_ERROR;
				GCC_WARN_UNDECLARED_SELECTOR = YES;
				GCC_WARN_UNINITIALIZED_AUTOS = YES_AGGRESSIVE;
				GCC_WARN_UNUSED_FUNCTION = YES;
				GCC_WARN_UNUSED_VARIABLE = YES;
				IPHONEOS_DEPLOYMENT_TARGET = 9.3;
				MTL_ENABLE_DEBUG_INFO = YES;
				ONLY_ACTIVE_ARCH = YES;
				SDKROOT = iphoneos;
				SWIFT_OPTIMIZATION_LEVEL = "-Onone";
			};
			name = Debug;
		};
		14124B2A1CC3B7E5004DC9B4 /* Release */ = {
			isa = XCBuildConfiguration;
			buildSettings = {
				ALWAYS_SEARCH_USER_PATHS = NO;
				CLANG_ANALYZER_NONNULL = YES;
				CLANG_CXX_LANGUAGE_STANDARD = "gnu++0x";
				CLANG_CXX_LIBRARY = "libc++";
				CLANG_ENABLE_MODULES = YES;
				CLANG_ENABLE_OBJC_ARC = YES;
				CLANG_WARN_BOOL_CONVERSION = YES;
				CLANG_WARN_CONSTANT_CONVERSION = YES;
				CLANG_WARN_DIRECT_OBJC_ISA_USAGE = YES_ERROR;
				CLANG_WARN_EMPTY_BODY = YES;
				CLANG_WARN_ENUM_CONVERSION = YES;
				CLANG_WARN_INT_CONVERSION = YES;
				CLANG_WARN_OBJC_ROOT_CLASS = YES_ERROR;
				CLANG_WARN_UNREACHABLE_CODE = YES;
				CLANG_WARN__DUPLICATE_METHOD_MATCH = YES;
				"CODE_SIGN_IDENTITY[sdk=iphoneos*]" = "iPhone Developer";
				COPY_PHASE_STRIP = NO;
				DEBUG_INFORMATION_FORMAT = "dwarf-with-dsym";
				ENABLE_NS_ASSERTIONS = NO;
				ENABLE_STRICT_OBJC_MSGSEND = YES;
				GCC_C_LANGUAGE_STANDARD = gnu99;
				GCC_NO_COMMON_BLOCKS = YES;
				GCC_WARN_64_TO_32_BIT_CONVERSION = YES;
				GCC_WARN_ABOUT_RETURN_TYPE = YES_ERROR;
				GCC_WARN_UNDECLARED_SELECTOR = YES;
				GCC_WARN_UNINITIALIZED_AUTOS = YES_AGGRESSIVE;
				GCC_WARN_UNUSED_FUNCTION = YES;
				GCC_WARN_UNUSED_VARIABLE = YES;
				IPHONEOS_DEPLOYMENT_TARGET = 9.3;
				MTL_ENABLE_DEBUG_INFO = NO;
				SDKROOT = iphoneos;
				VALIDATE_PRODUCT = YES;
			};
			name = Release;
		};
		14124B2C1CC3B7E5004DC9B4 /* Debug */ = {
			isa = XCBuildConfiguration;
			buildSettings = {
				ASSETCATALOG_COMPILER_APPICON_NAME = AppIcon;
				INFOPLIST_FILE = Example/Info.plist;
				LD_RUNPATH_SEARCH_PATHS = "$(inherited) @executable_path/Frameworks";
				PRODUCT_BUNDLE_IDENTIFIER = com.sunshinejr.Example;
				PRODUCT_NAME = "$(TARGET_NAME)";
			};
			name = Debug;
		};
		14124B2D1CC3B7E5004DC9B4 /* Release */ = {
			isa = XCBuildConfiguration;
			buildSettings = {
				ASSETCATALOG_COMPILER_APPICON_NAME = AppIcon;
				INFOPLIST_FILE = Example/Info.plist;
				LD_RUNPATH_SEARCH_PATHS = "$(inherited) @executable_path/Frameworks";
				PRODUCT_BUNDLE_IDENTIFIER = com.sunshinejr.Example;
				PRODUCT_NAME = "$(TARGET_NAME)";
			};
			name = Release;
		};
/* End XCBuildConfiguration section */

/* Begin XCConfigurationList section */
		14124B141CC3B7E5004DC9B4 /* Build configuration list for PBXProject "Example" */ = {
			isa = XCConfigurationList;
			buildConfigurations = (
				14124B291CC3B7E5004DC9B4 /* Debug */,
				14124B2A1CC3B7E5004DC9B4 /* Release */,
			);
			defaultConfigurationIsVisible = 0;
			defaultConfigurationName = Release;
		};
		14124B2B1CC3B7E5004DC9B4 /* Build configuration list for PBXNativeTarget "Example" */ = {
			isa = XCConfigurationList;
			buildConfigurations = (
				14124B2C1CC3B7E5004DC9B4 /* Debug */,
				14124B2D1CC3B7E5004DC9B4 /* Release */,
			);
			defaultConfigurationIsVisible = 0;
		};
/* End XCConfigurationList section */
	};
	rootObject = 14124B111CC3B7E5004DC9B4 /* Project object */;
}
